// !$*UTF8*$!
{
	archiveVersion = 1;
	classes = {
	};
	objectVersion = 46;
	objects = {

/* Begin PBXBuildFile section */
		A55579D21F61CBA500971803 /* AppDelegate.m in Sources */ = {isa = PBXBuildFile; fileRef = A555799C1F61CBA500971803 /* AppDelegate.m */; };
		A55579D31F61CBA500971803 /* LaunchScreen.storyboard in Resources */ = {isa = PBXBuildFile; fileRef = A555799F1F61CBA500971803 /* LaunchScreen.storyboard */; };
		A55579D41F61CBA500971803 /* Main.storyboard in Resources */ = {isa = PBXBuildFile; fileRef = A55579A01F61CBA500971803 /* Main.storyboard */; };
		A55579D51F61CBA500971803 /* SettingsColorCell.m in Sources */ = {isa = PBXBuildFile; fileRef = A55579A71F61CBA500971803 /* SettingsColorCell.m */; };
		A55579D61F61CBA500971803 /* SettingsSliderCell.m in Sources */ = {isa = PBXBuildFile; fileRef = A55579AA1F61CBA500971803 /* SettingsSliderCell.m */; };
		A55579D71F61CBA500971803 /* SettingsSwitchCell.m in Sources */ = {isa = PBXBuildFile; fileRef = A55579AD1F61CBA500971803 /* SettingsSwitchCell.m */; };
		A55579D81F61CBA500971803 /* SettingsTextCell.m in Sources */ = {isa = PBXBuildFile; fileRef = A55579B01F61CBA500971803 /* SettingsTextCell.m */; };
		A55579D91F61CBA500971803 /* ChartExampleSettingsViewController.m in Sources */ = {isa = PBXBuildFile; fileRef = A55579B21F61CBA500971803 /* ChartExampleSettingsViewController.m */; };
		A55579DA1F61CBA500971803 /* ChartExampleViewController.m in Sources */ = {isa = PBXBuildFile; fileRef = A55579B51F61CBA500971803 /* ChartExampleViewController.m */; };
		A55579DB1F61CBA500971803 /* SettingsColorCell.xib in Resources */ = {isa = PBXBuildFile; fileRef = A55579B71F61CBA500971803 /* SettingsColorCell.xib */; };
		A55579DC1F61CBA500971803 /* SettingsSliderCell.xib in Resources */ = {isa = PBXBuildFile; fileRef = A55579B81F61CBA500971803 /* SettingsSliderCell.xib */; };
		A55579DD1F61CBA500971803 /* SettingsSwitchCell.xib in Resources */ = {isa = PBXBuildFile; fileRef = A55579B91F61CBA500971803 /* SettingsSwitchCell.xib */; };
		A55579DE1F61CBA500971803 /* SettingsTextCell.xib in Resources */ = {isa = PBXBuildFile; fileRef = A55579BA1F61CBA500971803 /* SettingsTextCell.xib */; };
		A55579DF1F61CBA500971803 /* HCChartSettings.m in Sources */ = {isa = PBXBuildFile; fileRef = A55579BE1F61CBA500971803 /* HCChartSettings.m */; };
		A55579E01F61CBA500971803 /* FCColorPickerViewController.m in Sources */ = {isa = PBXBuildFile; fileRef = A55579C11F61CBA500971803 /* FCColorPickerViewController.m */; };
		A55579E11F61CBA500971803 /* FCColorPickerViewController.xib in Resources */ = {isa = PBXBuildFile; fileRef = A55579C21F61CBA500971803 /* FCColorPickerViewController.xib */; };
		A55579E21F61CBA500971803 /* LICENSE in Resources */ = {isa = PBXBuildFile; fileRef = A55579C31F61CBA500971803 /* LICENSE */; };
		A55579E31F61CBA500971803 /* FCBrightDarkGradView.m in Sources */ = {isa = PBXBuildFile; fileRef = A55579C61F61CBA500971803 /* FCBrightDarkGradView.m */; };
		A55579E41F61CBA500971803 /* FCColorSwatchView.m in Sources */ = {isa = PBXBuildFile; fileRef = A55579C81F61CBA500971803 /* FCColorSwatchView.m */; };
		A55579E51F61CBA500971803 /* colormap.png in Resources */ = {isa = PBXBuildFile; fileRef = A55579CA1F61CBA500971803 /* colormap.png */; };
		A55579E61F61CBA500971803 /* RoundViewWithBorder.m in Sources */ = {isa = PBXBuildFile; fileRef = A55579CD1F61CBA500971803 /* RoundViewWithBorder.m */; };
		A55579E71F61CBA500971803 /* Assets.xcassets in Resources */ = {isa = PBXBuildFile; fileRef = A55579CF1F61CBA500971803 /* Assets.xcassets */; };
		A55579E91F61CBA500971803 /* main.m in Sources */ = {isa = PBXBuildFile; fileRef = A55579D11F61CBA500971803 /* main.m */; };
		A5557A0F1F61CC7D00971803 /* HCChartDrawer+Axis.m in Sources */ = {isa = PBXBuildFile; fileRef = A55579F01F61CC7D00971803 /* HCChartDrawer+Axis.m */; };
		A5557A101F61CC7D00971803 /* HCChartDrawer+Background.m in Sources */ = {isa = PBXBuildFile; fileRef = A55579F31F61CC7D00971803 /* HCChartDrawer+Background.m */; };
		A5557A111F61CC7D00971803 /* HCChartDrawer+CalculationAndPreparation.m in Sources */ = {isa = PBXBuildFile; fileRef = A55579F61F61CC7D00971803 /* HCChartDrawer+CalculationAndPreparation.m */; };
		A5557A121F61CC7D00971803 /* HCChartDrawer+ChartLine.m in Sources */ = {isa = PBXBuildFile; fileRef = A55579F91F61CC7D00971803 /* HCChartDrawer+ChartLine.m */; };
		A5557A131F61CC7D00971803 /* HCChartDrawer+General.m in Sources */ = {isa = PBXBuildFile; fileRef = A55579FC1F61CC7D00971803 /* HCChartDrawer+General.m */; };
		A5557A141F61CC7D00971803 /* HCChartDrawer+Text.m in Sources */ = {isa = PBXBuildFile; fileRef = A55579FF1F61CC7D00971803 /* HCChartDrawer+Text.m */; };
		A5557A151F61CC7D00971803 /* HCChartDrawer+TitleAndSubtitle.m in Sources */ = {isa = PBXBuildFile; fileRef = A5557A021F61CC7D00971803 /* HCChartDrawer+TitleAndSubtitle.m */; };
		A5557A161F61CC7D00971803 /* HCChartDrawer.m in Sources */ = {isa = PBXBuildFile; fileRef = A5557A041F61CC7D00971803 /* HCChartDrawer.m */; };
		A5557A171F61CC7D00971803 /* HCLineChartView.m in Sources */ = {isa = PBXBuildFile; fileRef = A5557A061F61CC7D00971803 /* HCLineChartView.m */; };
		A5557A181F61CC7D00971803 /* HCChartPoint.m in Sources */ = {isa = PBXBuildFile; fileRef = A5557A0A1F61CC7D00971803 /* HCChartPoint.m */; };
		A5557A191F61CC7D00971803 /* HCTimeStep.m in Sources */ = {isa = PBXBuildFile; fileRef = A5557A0E1F61CC7D00971803 /* HCTimeStep.m */; };
/* End PBXBuildFile section */

/* Begin PBXFileReference section */
		A53DA62D1F613F3D0089CFF2 /* HCLineChartView Demo.app */ = {isa = PBXFileReference; explicitFileType = wrapper.application; includeInIndex = 0; path = "HCLineChartView Demo.app"; sourceTree = BUILT_PRODUCTS_DIR; };
		A555799B1F61CBA500971803 /* AppDelegate.h */ = {isa = PBXFileReference; fileEncoding = 4; lastKnownFileType = sourcecode.c.h; path = AppDelegate.h; sourceTree = "<group>"; };
		A555799C1F61CBA500971803 /* AppDelegate.m */ = {isa = PBXFileReference; fileEncoding = 4; lastKnownFileType = sourcecode.c.objc; path = AppDelegate.m; sourceTree = "<group>"; };
		A555799F1F61CBA500971803 /* LaunchScreen.storyboard */ = {isa = PBXFileReference; fileEncoding = 4; lastKnownFileType = file.storyboard; path = LaunchScreen.storyboard; sourceTree = "<group>"; };
		A55579A01F61CBA500971803 /* Main.storyboard */ = {isa = PBXFileReference; fileEncoding = 4; lastKnownFileType = file.storyboard; path = Main.storyboard; sourceTree = "<group>"; };
		A55579A61F61CBA500971803 /* SettingsColorCell.h */ = {isa = PBXFileReference; fileEncoding = 4; lastKnownFileType = sourcecode.c.h; path = SettingsColorCell.h; sourceTree = "<group>"; };
		A55579A71F61CBA500971803 /* SettingsColorCell.m */ = {isa = PBXFileReference; fileEncoding = 4; lastKnownFileType = sourcecode.c.objc; path = SettingsColorCell.m; sourceTree = "<group>"; };
		A55579A91F61CBA500971803 /* SettingsSliderCell.h */ = {isa = PBXFileReference; fileEncoding = 4; lastKnownFileType = sourcecode.c.h; path = SettingsSliderCell.h; sourceTree = "<group>"; };
		A55579AA1F61CBA500971803 /* SettingsSliderCell.m */ = {isa = PBXFileReference; fileEncoding = 4; lastKnownFileType = sourcecode.c.objc; path = SettingsSliderCell.m; sourceTree = "<group>"; };
		A55579AC1F61CBA500971803 /* SettingsSwitchCell.h */ = {isa = PBXFileReference; fileEncoding = 4; lastKnownFileType = sourcecode.c.h; path = SettingsSwitchCell.h; sourceTree = "<group>"; };
		A55579AD1F61CBA500971803 /* SettingsSwitchCell.m */ = {isa = PBXFileReference; fileEncoding = 4; lastKnownFileType = sourcecode.c.objc; path = SettingsSwitchCell.m; sourceTree = "<group>"; };
		A55579AF1F61CBA500971803 /* SettingsTextCell.h */ = {isa = PBXFileReference; fileEncoding = 4; lastKnownFileType = sourcecode.c.h; path = SettingsTextCell.h; sourceTree = "<group>"; };
		A55579B01F61CBA500971803 /* SettingsTextCell.m */ = {isa = PBXFileReference; fileEncoding = 4; lastKnownFileType = sourcecode.c.objc; path = SettingsTextCell.m; sourceTree = "<group>"; };
		A55579B11F61CBA500971803 /* ChartExampleSettingsViewController.h */ = {isa = PBXFileReference; fileEncoding = 4; lastKnownFileType = sourcecode.c.h; path = ChartExampleSettingsViewController.h; sourceTree = "<group>"; };
		A55579B21F61CBA500971803 /* ChartExampleSettingsViewController.m */ = {isa = PBXFileReference; fileEncoding = 4; lastKnownFileType = sourcecode.c.objc; path = ChartExampleSettingsViewController.m; sourceTree = "<group>"; };
		A55579B41F61CBA500971803 /* ChartExampleViewController.h */ = {isa = PBXFileReference; fileEncoding = 4; lastKnownFileType = sourcecode.c.h; path = ChartExampleViewController.h; sourceTree = "<group>"; };
		A55579B51F61CBA500971803 /* ChartExampleViewController.m */ = {isa = PBXFileReference; fileEncoding = 4; lastKnownFileType = sourcecode.c.objc; path = ChartExampleViewController.m; sourceTree = "<group>"; };
		A55579B71F61CBA500971803 /* SettingsColorCell.xib */ = {isa = PBXFileReference; fileEncoding = 4; lastKnownFileType = file.xib; path = SettingsColorCell.xib; sourceTree = "<group>"; };
		A55579B81F61CBA500971803 /* SettingsSliderCell.xib */ = {isa = PBXFileReference; fileEncoding = 4; lastKnownFileType = file.xib; path = SettingsSliderCell.xib; sourceTree = "<group>"; };
		A55579B91F61CBA500971803 /* SettingsSwitchCell.xib */ = {isa = PBXFileReference; fileEncoding = 4; lastKnownFileType = file.xib; path = SettingsSwitchCell.xib; sourceTree = "<group>"; };
		A55579BA1F61CBA500971803 /* SettingsTextCell.xib */ = {isa = PBXFileReference; fileEncoding = 4; lastKnownFileType = file.xib; path = SettingsTextCell.xib; sourceTree = "<group>"; };
		A55579BD1F61CBA500971803 /* HCChartSettings.h */ = {isa = PBXFileReference; fileEncoding = 4; lastKnownFileType = sourcecode.c.h; path = HCChartSettings.h; sourceTree = "<group>"; };
		A55579BE1F61CBA500971803 /* HCChartSettings.m */ = {isa = PBXFileReference; fileEncoding = 4; lastKnownFileType = sourcecode.c.objc; path = HCChartSettings.m; sourceTree = "<group>"; };
		A55579C01F61CBA500971803 /* FCColorPickerViewController.h */ = {isa = PBXFileReference; fileEncoding = 4; lastKnownFileType = sourcecode.c.h; path = FCColorPickerViewController.h; sourceTree = "<group>"; };
		A55579C11F61CBA500971803 /* FCColorPickerViewController.m */ = {isa = PBXFileReference; fileEncoding = 4; lastKnownFileType = sourcecode.c.objc; path = FCColorPickerViewController.m; sourceTree = "<group>"; };
		A55579C21F61CBA500971803 /* FCColorPickerViewController.xib */ = {isa = PBXFileReference; fileEncoding = 4; lastKnownFileType = file.xib; path = FCColorPickerViewController.xib; sourceTree = "<group>"; };
		A55579C31F61CBA500971803 /* LICENSE */ = {isa = PBXFileReference; fileEncoding = 4; lastKnownFileType = text; path = LICENSE; sourceTree = "<group>"; };
		A55579C51F61CBA500971803 /* FCBrightDarkGradView.h */ = {isa = PBXFileReference; fileEncoding = 4; lastKnownFileType = sourcecode.c.h; path = FCBrightDarkGradView.h; sourceTree = "<group>"; };
		A55579C61F61CBA500971803 /* FCBrightDarkGradView.m */ = {isa = PBXFileReference; fileEncoding = 4; lastKnownFileType = sourcecode.c.objc; path = FCBrightDarkGradView.m; sourceTree = "<group>"; };
		A55579C71F61CBA500971803 /* FCColorSwatchView.h */ = {isa = PBXFileReference; fileEncoding = 4; lastKnownFileType = sourcecode.c.h; path = FCColorSwatchView.h; sourceTree = "<group>"; };
		A55579C81F61CBA500971803 /* FCColorSwatchView.m */ = {isa = PBXFileReference; fileEncoding = 4; lastKnownFileType = sourcecode.c.objc; path = FCColorSwatchView.m; sourceTree = "<group>"; };
		A55579CA1F61CBA500971803 /* colormap.png */ = {isa = PBXFileReference; lastKnownFileType = image.png; path = colormap.png; sourceTree = "<group>"; };
		A55579CC1F61CBA500971803 /* RoundViewWithBorder.h */ = {isa = PBXFileReference; fileEncoding = 4; lastKnownFileType = sourcecode.c.h; path = RoundViewWithBorder.h; sourceTree = "<group>"; };
		A55579CD1F61CBA500971803 /* RoundViewWithBorder.m */ = {isa = PBXFileReference; fileEncoding = 4; lastKnownFileType = sourcecode.c.objc; path = RoundViewWithBorder.m; sourceTree = "<group>"; };
		A55579CF1F61CBA500971803 /* Assets.xcassets */ = {isa = PBXFileReference; lastKnownFileType = folder.assetcatalog; path = Assets.xcassets; sourceTree = "<group>"; };
		A55579D01F61CBA500971803 /* Info.plist */ = {isa = PBXFileReference; fileEncoding = 4; lastKnownFileType = text.plist.xml; path = Info.plist; sourceTree = "<group>"; };
		A55579D11F61CBA500971803 /* main.m */ = {isa = PBXFileReference; fileEncoding = 4; lastKnownFileType = sourcecode.c.objc; path = main.m; sourceTree = "<group>"; };
		A55579EF1F61CC7D00971803 /* HCChartDrawer+Axis.h */ = {isa = PBXFileReference; fileEncoding = 4; lastKnownFileType = sourcecode.c.h; path = "HCChartDrawer+Axis.h"; sourceTree = "<group>"; };
		A55579F01F61CC7D00971803 /* HCChartDrawer+Axis.m */ = {isa = PBXFileReference; fileEncoding = 4; lastKnownFileType = sourcecode.c.objc; path = "HCChartDrawer+Axis.m"; sourceTree = "<group>"; };
		A55579F21F61CC7D00971803 /* HCChartDrawer+Background.h */ = {isa = PBXFileReference; fileEncoding = 4; lastKnownFileType = sourcecode.c.h; path = "HCChartDrawer+Background.h"; sourceTree = "<group>"; };
		A55579F31F61CC7D00971803 /* HCChartDrawer+Background.m */ = {isa = PBXFileReference; fileEncoding = 4; lastKnownFileType = sourcecode.c.objc; path = "HCChartDrawer+Background.m"; sourceTree = "<group>"; };
		A55579F51F61CC7D00971803 /* HCChartDrawer+CalculationAndPreparation.h */ = {isa = PBXFileReference; fileEncoding = 4; lastKnownFileType = sourcecode.c.h; path = "HCChartDrawer+CalculationAndPreparation.h"; sourceTree = "<group>"; };
		A55579F61F61CC7D00971803 /* HCChartDrawer+CalculationAndPreparation.m */ = {isa = PBXFileReference; fileEncoding = 4; lastKnownFileType = sourcecode.c.objc; path = "HCChartDrawer+CalculationAndPreparation.m"; sourceTree = "<group>"; };
		A55579F81F61CC7D00971803 /* HCChartDrawer+ChartLine.h */ = {isa = PBXFileReference; fileEncoding = 4; lastKnownFileType = sourcecode.c.h; path = "HCChartDrawer+ChartLine.h"; sourceTree = "<group>"; };
		A55579F91F61CC7D00971803 /* HCChartDrawer+ChartLine.m */ = {isa = PBXFileReference; fileEncoding = 4; lastKnownFileType = sourcecode.c.objc; path = "HCChartDrawer+ChartLine.m"; sourceTree = "<group>"; };
		A55579FB1F61CC7D00971803 /* HCChartDrawer+General.h */ = {isa = PBXFileReference; fileEncoding = 4; lastKnownFileType = sourcecode.c.h; path = "HCChartDrawer+General.h"; sourceTree = "<group>"; };
		A55579FC1F61CC7D00971803 /* HCChartDrawer+General.m */ = {isa = PBXFileReference; fileEncoding = 4; lastKnownFileType = sourcecode.c.objc; path = "HCChartDrawer+General.m"; sourceTree = "<group>"; };
		A55579FE1F61CC7D00971803 /* HCChartDrawer+Text.h */ = {isa = PBXFileReference; fileEncoding = 4; lastKnownFileType = sourcecode.c.h; path = "HCChartDrawer+Text.h"; sourceTree = "<group>"; };
		A55579FF1F61CC7D00971803 /* HCChartDrawer+Text.m */ = {isa = PBXFileReference; fileEncoding = 4; lastKnownFileType = sourcecode.c.objc; path = "HCChartDrawer+Text.m"; sourceTree = "<group>"; };
		A5557A011F61CC7D00971803 /* HCChartDrawer+TitleAndSubtitle.h */ = {isa = PBXFileReference; fileEncoding = 4; lastKnownFileType = sourcecode.c.h; path = "HCChartDrawer+TitleAndSubtitle.h"; sourceTree = "<group>"; };
		A5557A021F61CC7D00971803 /* HCChartDrawer+TitleAndSubtitle.m */ = {isa = PBXFileReference; fileEncoding = 4; lastKnownFileType = sourcecode.c.objc; path = "HCChartDrawer+TitleAndSubtitle.m"; sourceTree = "<group>"; };
		A5557A031F61CC7D00971803 /* HCChartDrawer.h */ = {isa = PBXFileReference; fileEncoding = 4; lastKnownFileType = sourcecode.c.h; path = HCChartDrawer.h; sourceTree = "<group>"; };
		A5557A041F61CC7D00971803 /* HCChartDrawer.m */ = {isa = PBXFileReference; fileEncoding = 4; lastKnownFileType = sourcecode.c.objc; path = HCChartDrawer.m; sourceTree = "<group>"; };
		A5557A051F61CC7D00971803 /* HCLineChartView.h */ = {isa = PBXFileReference; fileEncoding = 4; lastKnownFileType = sourcecode.c.h; path = HCLineChartView.h; sourceTree = "<group>"; };
		A5557A061F61CC7D00971803 /* HCLineChartView.m */ = {isa = PBXFileReference; fileEncoding = 4; lastKnownFileType = sourcecode.c.objc; path = HCLineChartView.m; sourceTree = "<group>"; };
		A5557A091F61CC7D00971803 /* HCChartPoint.h */ = {isa = PBXFileReference; fileEncoding = 4; lastKnownFileType = sourcecode.c.h; path = HCChartPoint.h; sourceTree = "<group>"; };
		A5557A0A1F61CC7D00971803 /* HCChartPoint.m */ = {isa = PBXFileReference; fileEncoding = 4; lastKnownFileType = sourcecode.c.objc; path = HCChartPoint.m; sourceTree = "<group>"; };
		A5557A0B1F61CC7D00971803 /* HCEnums.h */ = {isa = PBXFileReference; fileEncoding = 4; lastKnownFileType = sourcecode.c.h; path = HCEnums.h; sourceTree = "<group>"; };
		A5557A0D1F61CC7D00971803 /* HCTimeStep.h */ = {isa = PBXFileReference; fileEncoding = 4; lastKnownFileType = sourcecode.c.h; path = HCTimeStep.h; sourceTree = "<group>"; };
		A5557A0E1F61CC7D00971803 /* HCTimeStep.m */ = {isa = PBXFileReference; fileEncoding = 4; lastKnownFileType = sourcecode.c.objc; path = HCTimeStep.m; sourceTree = "<group>"; };
/* End PBXFileReference section */

/* Begin PBXFrameworksBuildPhase section */
		A53DA62A1F613F3D0089CFF2 /* Frameworks */ = {
			isa = PBXFrameworksBuildPhase;
			buildActionMask = 2147483647;
			files = (
			);
			runOnlyForDeploymentPostprocessing = 0;
		};
/* End PBXFrameworksBuildPhase section */

/* Begin PBXGroup section */
		A53DA6241F613F3D0089CFF2 = {
			isa = PBXGroup;
			children = (
				A55579991F61CBA500971803 /* HCLineChartView Demo */,
				A53DA62E1F613F3D0089CFF2 /* Products */,
			);
			sourceTree = "<group>";
		};
		A53DA62E1F613F3D0089CFF2 /* Products */ = {
			isa = PBXGroup;
			children = (
				A53DA62D1F613F3D0089CFF2 /* HCLineChartView Demo.app */,
			);
			name = Products;
			sourceTree = "<group>";
		};
		A55579991F61CBA500971803 /* HCLineChartView Demo */ = {
			isa = PBXGroup;
			children = (
				A555799A1F61CBA500971803 /* AppDelegate */,
				A555799D1F61CBA500971803 /* Interface */,
				A55579BB1F61CBA500971803 /* Libs */,
				A55579EA1F61CC7D00971803 /* Source */,
				A55579CE1F61CBA500971803 /* Supporting Files */,
			);
			path = "HCLineChartView Demo";
			sourceTree = "<group>";
		};
		A555799A1F61CBA500971803 /* AppDelegate */ = {
			isa = PBXGroup;
			children = (
				A555799B1F61CBA500971803 /* AppDelegate.h */,
				A555799C1F61CBA500971803 /* AppDelegate.m */,
			);
			path = AppDelegate;
			sourceTree = "<group>";
		};
		A555799D1F61CBA500971803 /* Interface */ = {
			isa = PBXGroup;
			children = (
				A555799E1F61CBA500971803 /* Storyboards */,
				A55579A21F61CBA500971803 /* View Controllers */,
				A55579B61F61CBA500971803 /* Xibs */,
			);
			path = Interface;
			sourceTree = "<group>";
		};
		A555799E1F61CBA500971803 /* Storyboards */ = {
			isa = PBXGroup;
			children = (
				A555799F1F61CBA500971803 /* LaunchScreen.storyboard */,
				A55579A01F61CBA500971803 /* Main.storyboard */,
				A55579A11F61CBA500971803 /* Xibs */,
			);
			path = Storyboards;
			sourceTree = "<group>";
		};
		A55579A11F61CBA500971803 /* Xibs */ = {
			isa = PBXGroup;
			children = (
			);
			path = Xibs;
			sourceTree = "<group>";
		};
		A55579A21F61CBA500971803 /* View Controllers */ = {
			isa = PBXGroup;
			children = (
				A55579A31F61CBA500971803 /* ChartExampleSettingsViewController */,
				A55579B31F61CBA500971803 /* ChartExampleViewController */,
			);
			path = "View Controllers";
			sourceTree = "<group>";
		};
		A55579A31F61CBA500971803 /* ChartExampleSettingsViewController */ = {
			isa = PBXGroup;
			children = (
				A55579A41F61CBA500971803 /* Chart Settings Cells */,
				A55579B11F61CBA500971803 /* ChartExampleSettingsViewController.h */,
				A55579B21F61CBA500971803 /* ChartExampleSettingsViewController.m */,
			);
			path = ChartExampleSettingsViewController;
			sourceTree = "<group>";
		};
		A55579A41F61CBA500971803 /* Chart Settings Cells */ = {
			isa = PBXGroup;
			children = (
				A55579A51F61CBA500971803 /* SettingsColorCell */,
				A55579A81F61CBA500971803 /* SettingsSliderCell */,
				A55579AB1F61CBA500971803 /* SettingsSwitchCell */,
				A55579AE1F61CBA500971803 /* SettingsTextCell */,
			);
			path = "Chart Settings Cells";
			sourceTree = "<group>";
		};
		A55579A51F61CBA500971803 /* SettingsColorCell */ = {
			isa = PBXGroup;
			children = (
				A55579A61F61CBA500971803 /* SettingsColorCell.h */,
				A55579A71F61CBA500971803 /* SettingsColorCell.m */,
			);
			path = SettingsColorCell;
			sourceTree = "<group>";
		};
		A55579A81F61CBA500971803 /* SettingsSliderCell */ = {
			isa = PBXGroup;
			children = (
				A55579A91F61CBA500971803 /* SettingsSliderCell.h */,
				A55579AA1F61CBA500971803 /* SettingsSliderCell.m */,
			);
			path = SettingsSliderCell;
			sourceTree = "<group>";
		};
		A55579AB1F61CBA500971803 /* SettingsSwitchCell */ = {
			isa = PBXGroup;
			children = (
				A55579AC1F61CBA500971803 /* SettingsSwitchCell.h */,
				A55579AD1F61CBA500971803 /* SettingsSwitchCell.m */,
			);
			path = SettingsSwitchCell;
			sourceTree = "<group>";
		};
		A55579AE1F61CBA500971803 /* SettingsTextCell */ = {
			isa = PBXGroup;
			children = (
				A55579AF1F61CBA500971803 /* SettingsTextCell.h */,
				A55579B01F61CBA500971803 /* SettingsTextCell.m */,
			);
			path = SettingsTextCell;
			sourceTree = "<group>";
		};
		A55579B31F61CBA500971803 /* ChartExampleViewController */ = {
			isa = PBXGroup;
			children = (
				A55579B41F61CBA500971803 /* ChartExampleViewController.h */,
				A55579B51F61CBA500971803 /* ChartExampleViewController.m */,
			);
			path = ChartExampleViewController;
			sourceTree = "<group>";
		};
		A55579B61F61CBA500971803 /* Xibs */ = {
			isa = PBXGroup;
			children = (
				A55579B71F61CBA500971803 /* SettingsColorCell.xib */,
				A55579B81F61CBA500971803 /* SettingsSliderCell.xib */,
				A55579B91F61CBA500971803 /* SettingsSwitchCell.xib */,
				A55579BA1F61CBA500971803 /* SettingsTextCell.xib */,
			);
			path = Xibs;
			sourceTree = "<group>";
		};
		A55579BB1F61CBA500971803 /* Libs */ = {
			isa = PBXGroup;
			children = (
				A55579BC1F61CBA500971803 /* HCChartSettings */,
				A55579BF1F61CBA500971803 /* iOS-Color-Picker */,
				A55579CB1F61CBA500971803 /* RoundViewWithBorders */,
			);
			path = Libs;
			sourceTree = "<group>";
		};
		A55579BC1F61CBA500971803 /* HCChartSettings */ = {
			isa = PBXGroup;
			children = (
				A55579BD1F61CBA500971803 /* HCChartSettings.h */,
				A55579BE1F61CBA500971803 /* HCChartSettings.m */,
			);
			path = HCChartSettings;
			sourceTree = "<group>";
		};
		A55579BF1F61CBA500971803 /* iOS-Color-Picker */ = {
			isa = PBXGroup;
			children = (
				A55579C01F61CBA500971803 /* FCColorPickerViewController.h */,
				A55579C11F61CBA500971803 /* FCColorPickerViewController.m */,
				A55579C21F61CBA500971803 /* FCColorPickerViewController.xib */,
				A55579C31F61CBA500971803 /* LICENSE */,
				A55579C41F61CBA500971803 /* Private */,
				A55579C91F61CBA500971803 /* Resources */,
			);
			path = "iOS-Color-Picker";
			sourceTree = "<group>";
		};
		A55579C41F61CBA500971803 /* Private */ = {
			isa = PBXGroup;
			children = (
				A55579C51F61CBA500971803 /* FCBrightDarkGradView.h */,
				A55579C61F61CBA500971803 /* FCBrightDarkGradView.m */,
				A55579C71F61CBA500971803 /* FCColorSwatchView.h */,
				A55579C81F61CBA500971803 /* FCColorSwatchView.m */,
			);
			path = Private;
			sourceTree = "<group>";
		};
		A55579C91F61CBA500971803 /* Resources */ = {
			isa = PBXGroup;
			children = (
				A55579CA1F61CBA500971803 /* colormap.png */,
			);
			path = Resources;
			sourceTree = "<group>";
		};
		A55579CB1F61CBA500971803 /* RoundViewWithBorders */ = {
			isa = PBXGroup;
			children = (
				A55579CC1F61CBA500971803 /* RoundViewWithBorder.h */,
				A55579CD1F61CBA500971803 /* RoundViewWithBorder.m */,
			);
			path = RoundViewWithBorders;
			sourceTree = "<group>";
		};
		A55579CE1F61CBA500971803 /* Supporting Files */ = {
			isa = PBXGroup;
			children = (
				A55579CF1F61CBA500971803 /* Assets.xcassets */,
				A55579D01F61CBA500971803 /* Info.plist */,
				A55579D11F61CBA500971803 /* main.m */,
			);
			path = "Supporting Files";
			sourceTree = "<group>";
		};
		A55579EA1F61CC7D00971803 /* Source */ = {
			isa = PBXGroup;
			children = (
				A55579EB1F61CC7D00971803 /* HCLineChartView */,
			);
			name = Source;
			path = ../../Source;
			sourceTree = "<group>";
		};
		A55579EB1F61CC7D00971803 /* HCLineChartView */ = {
			isa = PBXGroup;
			children = (
				A55579EC1F61CC7D00971803 /* HCChartDrawer */,
				A5557A051F61CC7D00971803 /* HCLineChartView.h */,
				A5557A061F61CC7D00971803 /* HCLineChartView.m */,
				A5557A071F61CC7D00971803 /* HCSupporting Files */,
			);
			path = HCLineChartView;
			sourceTree = "<group>";
		};
		A55579EC1F61CC7D00971803 /* HCChartDrawer */ = {
			isa = PBXGroup;
			children = (
				A55579ED1F61CC7D00971803 /* HCChartDrawer+Extensions */,
				A5557A031F61CC7D00971803 /* HCChartDrawer.h */,
				A5557A041F61CC7D00971803 /* HCChartDrawer.m */,
			);
			path = HCChartDrawer;
			sourceTree = "<group>";
		};
		A55579ED1F61CC7D00971803 /* HCChartDrawer+Extensions */ = {
			isa = PBXGroup;
			children = (
				A55579EE1F61CC7D00971803 /* HCChartDrawer+Axis */,
				A55579F11F61CC7D00971803 /* HCChartDrawer+Background */,
				A55579F41F61CC7D00971803 /* HCChartDrawer+CalculationAndPreparation */,
				A55579F71F61CC7D00971803 /* HCChartDrawer+ChartLine */,
				A55579FA1F61CC7D00971803 /* HCChartDrawer+General */,
				A55579FD1F61CC7D00971803 /* HCChartDrawer+Text */,
				A5557A001F61CC7D00971803 /* HCChartDrawer+TitleAndSubtitle */,
			);
			path = "HCChartDrawer+Extensions";
			sourceTree = "<group>";
		};
		A55579EE1F61CC7D00971803 /* HCChartDrawer+Axis */ = {
			isa = PBXGroup;
			children = (
				A55579EF1F61CC7D00971803 /* HCChartDrawer+Axis.h */,
				A55579F01F61CC7D00971803 /* HCChartDrawer+Axis.m */,
			);
			path = "HCChartDrawer+Axis";
			sourceTree = "<group>";
		};
		A55579F11F61CC7D00971803 /* HCChartDrawer+Background */ = {
			isa = PBXGroup;
			children = (
				A55579F21F61CC7D00971803 /* HCChartDrawer+Background.h */,
				A55579F31F61CC7D00971803 /* HCChartDrawer+Background.m */,
			);
			path = "HCChartDrawer+Background";
			sourceTree = "<group>";
		};
		A55579F41F61CC7D00971803 /* HCChartDrawer+CalculationAndPreparation */ = {
			isa = PBXGroup;
			children = (
				A55579F51F61CC7D00971803 /* HCChartDrawer+CalculationAndPreparation.h */,
				A55579F61F61CC7D00971803 /* HCChartDrawer+CalculationAndPreparation.m */,
			);
			path = "HCChartDrawer+CalculationAndPreparation";
			sourceTree = "<group>";
		};
		A55579F71F61CC7D00971803 /* HCChartDrawer+ChartLine */ = {
			isa = PBXGroup;
			children = (
				A55579F81F61CC7D00971803 /* HCChartDrawer+ChartLine.h */,
				A55579F91F61CC7D00971803 /* HCChartDrawer+ChartLine.m */,
			);
			path = "HCChartDrawer+ChartLine";
			sourceTree = "<group>";
		};
		A55579FA1F61CC7D00971803 /* HCChartDrawer+General */ = {
			isa = PBXGroup;
			children = (
				A55579FB1F61CC7D00971803 /* HCChartDrawer+General.h */,
				A55579FC1F61CC7D00971803 /* HCChartDrawer+General.m */,
			);
			path = "HCChartDrawer+General";
			sourceTree = "<group>";
		};
		A55579FD1F61CC7D00971803 /* HCChartDrawer+Text */ = {
			isa = PBXGroup;
			children = (
				A55579FE1F61CC7D00971803 /* HCChartDrawer+Text.h */,
				A55579FF1F61CC7D00971803 /* HCChartDrawer+Text.m */,
			);
			path = "HCChartDrawer+Text";
			sourceTree = "<group>";
		};
		A5557A001F61CC7D00971803 /* HCChartDrawer+TitleAndSubtitle */ = {
			isa = PBXGroup;
			children = (
				A5557A011F61CC7D00971803 /* HCChartDrawer+TitleAndSubtitle.h */,
				A5557A021F61CC7D00971803 /* HCChartDrawer+TitleAndSubtitle.m */,
			);
			path = "HCChartDrawer+TitleAndSubtitle";
			sourceTree = "<group>";
		};
		A5557A071F61CC7D00971803 /* HCSupporting Files */ = {
			isa = PBXGroup;
			children = (
				A5557A081F61CC7D00971803 /* HCChartPoint */,
				A5557A0B1F61CC7D00971803 /* HCEnums.h */,
				A5557A0C1F61CC7D00971803 /* HCTimeStep */,
			);
			path = "HCSupporting Files";
			sourceTree = "<group>";
		};
		A5557A081F61CC7D00971803 /* HCChartPoint */ = {
			isa = PBXGroup;
			children = (
				A5557A091F61CC7D00971803 /* HCChartPoint.h */,
				A5557A0A1F61CC7D00971803 /* HCChartPoint.m */,
			);
			path = HCChartPoint;
			sourceTree = "<group>";
		};
		A5557A0C1F61CC7D00971803 /* HCTimeStep */ = {
			isa = PBXGroup;
			children = (
				A5557A0D1F61CC7D00971803 /* HCTimeStep.h */,
				A5557A0E1F61CC7D00971803 /* HCTimeStep.m */,
			);
			path = HCTimeStep;
			sourceTree = "<group>";
		};
/* End PBXGroup section */

/* Begin PBXNativeTarget section */
		A53DA62C1F613F3D0089CFF2 /* HCLineChartView Demo */ = {
			isa = PBXNativeTarget;
			buildConfigurationList = A53DA6441F613F3D0089CFF2 /* Build configuration list for PBXNativeTarget "HCLineChartView Demo" */;
			buildPhases = (
				A53DA6291F613F3D0089CFF2 /* Sources */,
				A53DA62A1F613F3D0089CFF2 /* Frameworks */,
				A53DA62B1F613F3D0089CFF2 /* Resources */,
			);
			buildRules = (
			);
			dependencies = (
			);
			name = "HCLineChartView Demo";
			productName = HCLinearChartView;
			productReference = A53DA62D1F613F3D0089CFF2 /* HCLineChartView Demo.app */;
			productType = "com.apple.product-type.application";
		};
/* End PBXNativeTarget section */

/* Begin PBXProject section */
		A53DA6251F613F3D0089CFF2 /* Project object */ = {
			isa = PBXProject;
			attributes = {
				LastUpgradeCheck = 0830;
				ORGANIZATIONNAME = "Hypercube 2";
				TargetAttributes = {
					A53DA62C1F613F3D0089CFF2 = {
						CreatedOnToolsVersion = 8.3;
						DevelopmentTeam = E5FYD94489;
						ProvisioningStyle = Automatic;
					};
				};
			};
			buildConfigurationList = A53DA6281F613F3D0089CFF2 /* Build configuration list for PBXProject "HCLineChartView Demo" */;
			compatibilityVersion = "Xcode 3.2";
			developmentRegion = English;
			hasScannedForEncodings = 0;
			knownRegions = (
				en,
				Base,
			);
			mainGroup = A53DA6241F613F3D0089CFF2;
			productRefGroup = A53DA62E1F613F3D0089CFF2 /* Products */;
			projectDirPath = "";
			projectRoot = "";
			targets = (
				A53DA62C1F613F3D0089CFF2 /* HCLineChartView Demo */,
			);
		};
/* End PBXProject section */

/* Begin PBXResourcesBuildPhase section */
		A53DA62B1F613F3D0089CFF2 /* Resources */ = {
			isa = PBXResourcesBuildPhase;
			buildActionMask = 2147483647;
			files = (
				A55579DB1F61CBA500971803 /* SettingsColorCell.xib in Resources */,
				A55579D31F61CBA500971803 /* LaunchScreen.storyboard in Resources */,
				A55579E21F61CBA500971803 /* LICENSE in Resources */,
				A55579E11F61CBA500971803 /* FCColorPickerViewController.xib in Resources */,
				A55579E71F61CBA500971803 /* Assets.xcassets in Resources */,
				A55579D41F61CBA500971803 /* Main.storyboard in Resources */,
				A55579DE1F61CBA500971803 /* SettingsTextCell.xib in Resources */,
				A55579DD1F61CBA500971803 /* SettingsSwitchCell.xib in Resources */,
				A55579DC1F61CBA500971803 /* SettingsSliderCell.xib in Resources */,
				A55579E51F61CBA500971803 /* colormap.png in Resources */,
			);
			runOnlyForDeploymentPostprocessing = 0;
		};
/* End PBXResourcesBuildPhase section */

/* Begin PBXSourcesBuildPhase section */
		A53DA6291F613F3D0089CFF2 /* Sources */ = {
			isa = PBXSourcesBuildPhase;
			buildActionMask = 2147483647;
			files = (
				A55579E91F61CBA500971803 /* main.m in Sources */,
				A55579D61F61CBA500971803 /* SettingsSliderCell.m in Sources */,
				A5557A141F61CC7D00971803 /* HCChartDrawer+Text.m in Sources */,
				A55579DA1F61CBA500971803 /* ChartExampleViewController.m in Sources */,
				A5557A121F61CC7D00971803 /* HCChartDrawer+ChartLine.m in Sources */,
				A5557A191F61CC7D00971803 /* HCTimeStep.m in Sources */,
				A55579DF1F61CBA500971803 /* HCChartSettings.m in Sources */,
				A5557A161F61CC7D00971803 /* HCChartDrawer.m in Sources */,
				A55579E31F61CBA500971803 /* FCBrightDarkGradView.m in Sources */,
				A55579D51F61CBA500971803 /* SettingsColorCell.m in Sources */,
				A55579E61F61CBA500971803 /* RoundViewWithBorder.m in Sources */,
				A55579D71F61CBA500971803 /* SettingsSwitchCell.m in Sources */,
				A5557A151F61CC7D00971803 /* HCChartDrawer+TitleAndSubtitle.m in Sources */,
				A5557A181F61CC7D00971803 /* HCChartPoint.m in Sources */,
				A5557A111F61CC7D00971803 /* HCChartDrawer+CalculationAndPreparation.m in Sources */,
				A55579E41F61CBA500971803 /* FCColorSwatchView.m in Sources */,
				A55579D91F61CBA500971803 /* ChartExampleSettingsViewController.m in Sources */,
				A55579E01F61CBA500971803 /* FCColorPickerViewController.m in Sources */,
				A5557A0F1F61CC7D00971803 /* HCChartDrawer+Axis.m in Sources */,
				A5557A101F61CC7D00971803 /* HCChartDrawer+Background.m in Sources */,
				A5557A171F61CC7D00971803 /* HCLineChartView.m in Sources */,
				A55579D21F61CBA500971803 /* AppDelegate.m in Sources */,
				A55579D81F61CBA500971803 /* SettingsTextCell.m in Sources */,
				A5557A131F61CC7D00971803 /* HCChartDrawer+General.m in Sources */,
			);
			runOnlyForDeploymentPostprocessing = 0;
		};
/* End PBXSourcesBuildPhase section */

/* Begin XCBuildConfiguration section */
		A53DA6421F613F3D0089CFF2 /* Debug */ = {
			isa = XCBuildConfiguration;
			buildSettings = {
				ALWAYS_SEARCH_USER_PATHS = NO;
				CLANG_ANALYZER_NONNULL = YES;
				CLANG_ANALYZER_NUMBER_OBJECT_CONVERSION = YES_AGGRESSIVE;
				CLANG_CXX_LANGUAGE_STANDARD = "gnu++0x";
				CLANG_CXX_LIBRARY = "libc++";
				CLANG_ENABLE_MODULES = YES;
				CLANG_ENABLE_OBJC_ARC = YES;
				CLANG_WARN_BOOL_CONVERSION = YES;
				CLANG_WARN_CONSTANT_CONVERSION = YES;
				CLANG_WARN_DIRECT_OBJC_ISA_USAGE = YES_ERROR;
				CLANG_WARN_DOCUMENTATION_COMMENTS = YES;
				CLANG_WARN_EMPTY_BODY = YES;
				CLANG_WARN_ENUM_CONVERSION = YES;
				CLANG_WARN_INFINITE_RECURSION = YES;
				CLANG_WARN_INT_CONVERSION = YES;
				CLANG_WARN_OBJC_ROOT_CLASS = YES_ERROR;
				CLANG_WARN_SUSPICIOUS_MOVE = YES;
				CLANG_WARN_UNREACHABLE_CODE = YES;
				CLANG_WARN__DUPLICATE_METHOD_MATCH = YES;
				"CODE_SIGN_IDENTITY[sdk=iphoneos*]" = "iPhone Developer";
				COPY_PHASE_STRIP = NO;
				DEBUG_INFORMATION_FORMAT = dwarf;
				ENABLE_STRICT_OBJC_MSGSEND = YES;
				ENABLE_TESTABILITY = YES;
				GCC_C_LANGUAGE_STANDARD = gnu99;
				GCC_DYNAMIC_NO_PIC = NO;
				GCC_NO_COMMON_BLOCKS = YES;
				GCC_OPTIMIZATION_LEVEL = 0;
				GCC_PREPROCESSOR_DEFINITIONS = (
					"DEBUG=1",
					"$(inherited)",
				);
				GCC_WARN_64_TO_32_BIT_CONVERSION = YES;
				GCC_WARN_ABOUT_RETURN_TYPE = YES_ERROR;
				GCC_WARN_UNDECLARED_SELECTOR = YES;
				GCC_WARN_UNINITIALIZED_AUTOS = YES_AGGRESSIVE;
				GCC_WARN_UNUSED_FUNCTION = YES;
				GCC_WARN_UNUSED_VARIABLE = YES;
				IPHONEOS_DEPLOYMENT_TARGET = 10.3;
				MTL_ENABLE_DEBUG_INFO = YES;
				ONLY_ACTIVE_ARCH = YES;
				SDKROOT = iphoneos;
				TARGETED_DEVICE_FAMILY = "1,2";
			};
			name = Debug;
		};
		A53DA6431F613F3D0089CFF2 /* Release */ = {
			isa = XCBuildConfiguration;
			buildSettings = {
				ALWAYS_SEARCH_USER_PATHS = NO;
				CLANG_ANALYZER_NONNULL = YES;
				CLANG_ANALYZER_NUMBER_OBJECT_CONVERSION = YES_AGGRESSIVE;
				CLANG_CXX_LANGUAGE_STANDARD = "gnu++0x";
				CLANG_CXX_LIBRARY = "libc++";
				CLANG_ENABLE_MODULES = YES;
				CLANG_ENABLE_OBJC_ARC = YES;
				CLANG_WARN_BOOL_CONVERSION = YES;
				CLANG_WARN_CONSTANT_CONVERSION = YES;
				CLANG_WARN_DIRECT_OBJC_ISA_USAGE = YES_ERROR;
				CLANG_WARN_DOCUMENTATION_COMMENTS = YES;
				CLANG_WARN_EMPTY_BODY = YES;
				CLANG_WARN_ENUM_CONVERSION = YES;
				CLANG_WARN_INFINITE_RECURSION = YES;
				CLANG_WARN_INT_CONVERSION = YES;
				CLANG_WARN_OBJC_ROOT_CLASS = YES_ERROR;
				CLANG_WARN_SUSPICIOUS_MOVE = YES;
				CLANG_WARN_UNREACHABLE_CODE = YES;
				CLANG_WARN__DUPLICATE_METHOD_MATCH = YES;
				"CODE_SIGN_IDENTITY[sdk=iphoneos*]" = "iPhone Developer";
				COPY_PHASE_STRIP = NO;
				DEBUG_INFORMATION_FORMAT = "dwarf-with-dsym";
				ENABLE_NS_ASSERTIONS = NO;
				ENABLE_STRICT_OBJC_MSGSEND = YES;
				GCC_C_LANGUAGE_STANDARD = gnu99;
				GCC_NO_COMMON_BLOCKS = YES;
				GCC_WARN_64_TO_32_BIT_CONVERSION = YES;
				GCC_WARN_ABOUT_RETURN_TYPE = YES_ERROR;
				GCC_WARN_UNDECLARED_SELECTOR = YES;
				GCC_WARN_UNINITIALIZED_AUTOS = YES_AGGRESSIVE;
				GCC_WARN_UNUSED_FUNCTION = YES;
				GCC_WARN_UNUSED_VARIABLE = YES;
				IPHONEOS_DEPLOYMENT_TARGET = 10.3;
				MTL_ENABLE_DEBUG_INFO = NO;
				SDKROOT = iphoneos;
				TARGETED_DEVICE_FAMILY = "1,2";
				VALIDATE_PRODUCT = YES;
			};
			name = Release;
		};
		A53DA6451F613F3D0089CFF2 /* Debug */ = {
			isa = XCBuildConfiguration;
			buildSettings = {
				ASSETCATALOG_COMPILER_APPICON_NAME = AppIcon;
				DEVELOPMENT_TEAM = E5FYD94489;
				INFOPLIST_FILE = "$(SRCROOT)/HCLineChartView Demo/Supporting Files/Info.plist";
				IPHONEOS_DEPLOYMENT_TARGET = 8.0;
				LD_RUNPATH_SEARCH_PATHS = "$(inherited) @executable_path/Frameworks";
				PRODUCT_BUNDLE_IDENTIFIER = com.hypercubesoft.HCLineChartView;
				PRODUCT_NAME = "$(TARGET_NAME)";
			};
			name = Debug;
		};
		A53DA6461F613F3D0089CFF2 /* Release */ = {
			isa = XCBuildConfiguration;
			buildSettings = {
				ASSETCATALOG_COMPILER_APPICON_NAME = AppIcon;
				DEVELOPMENT_TEAM = E5FYD94489;
				INFOPLIST_FILE = "$(SRCROOT)/HCLineChartView Demo/Supporting Files/Info.plist";
				IPHONEOS_DEPLOYMENT_TARGET = 8.0;
				LD_RUNPATH_SEARCH_PATHS = "$(inherited) @executable_path/Frameworks";
				PRODUCT_BUNDLE_IDENTIFIER = com.hypercubesoft.HCLineChartView;
				PRODUCT_NAME = "$(TARGET_NAME)";
			};
			name = Release;
		};
/* End XCBuildConfiguration section */

/* Begin XCConfigurationList section */
		A53DA6281F613F3D0089CFF2 /* Build configuration list for PBXProject "HCLineChartView Demo" */ = {
			isa = XCConfigurationList;
			buildConfigurations = (
				A53DA6421F613F3D0089CFF2 /* Debug */,
				A53DA6431F613F3D0089CFF2 /* Release */,
			);
			defaultConfigurationIsVisible = 0;
			defaultConfigurationName = Release;
		};
		A53DA6441F613F3D0089CFF2 /* Build configuration list for PBXNativeTarget "HCLineChartView Demo" */ = {
			isa = XCConfigurationList;
			buildConfigurations = (
				A53DA6451F613F3D0089CFF2 /* Debug */,
				A53DA6461F613F3D0089CFF2 /* Release */,
			);
			defaultConfigurationIsVisible = 0;
			defaultConfigurationName = Release;
		};
/* End XCConfigurationList section */
	};
	rootObject = A53DA6251F613F3D0089CFF2 /* Project object */;
}
